// !$*UTF8*$!
{
	archiveVersion = 1;
	classes = {
	};
	objectVersion = 56;
	objects = {

/* Begin PBXBuildFile section */
		C98EB6102BE1E9C5000D8830 /* CountryPicker in Frameworks */ = {isa = PBXBuildFile; productRef = C98EB60F2BE1E9C5000D8830 /* CountryPicker */; };
		C98EB6182BE1F742000D8830 /* CountryPickerViewProxy.swift in Sources */ = {isa = PBXBuildFile; fileRef = C98EB6172BE1F742000D8830 /* CountryPickerViewProxy.swift */; };
		C98EB61A2BE20E0A000D8830 /* Stop.swift in Sources */ = {isa = PBXBuildFile; fileRef = C98EB6192BE20E0A000D8830 /* Stop.swift */; };
		C98EB61E2BE2106A000D8830 /* StopListView.swift in Sources */ = {isa = PBXBuildFile; fileRef = C98EB61D2BE2106A000D8830 /* StopListView.swift */; };
		C98EB6202BE2F506000D8830 /* JourneyView.swift in Sources */ = {isa = PBXBuildFile; fileRef = C98EB61F2BE2F506000D8830 /* JourneyView.swift */; };
		C98EB6222BE2F615000D8830 /* MainView.swift in Sources */ = {isa = PBXBuildFile; fileRef = C98EB6212BE2F615000D8830 /* MainView.swift */; };
		C9B8D5932BE1C75400A6FC70 /* JourneyApp.swift in Sources */ = {isa = PBXBuildFile; fileRef = C9B8D5922BE1C75400A6FC70 /* JourneyApp.swift */; };
		C9B8D5992BE1C75500A6FC70 /* Assets.xcassets in Resources */ = {isa = PBXBuildFile; fileRef = C9B8D5982BE1C75500A6FC70 /* Assets.xcassets */; };
		C9B8D59C2BE1C75500A6FC70 /* Preview Assets.xcassets in Resources */ = {isa = PBXBuildFile; fileRef = C9B8D59B2BE1C75500A6FC70 /* Preview Assets.xcassets */; };
		C9B8D5A62BE1C75500A6FC70 /* JourneyTests.swift in Sources */ = {isa = PBXBuildFile; fileRef = C9B8D5A52BE1C75500A6FC70 /* JourneyTests.swift */; };
		C9B8D5B02BE1C75500A6FC70 /* JourneyUITests.swift in Sources */ = {isa = PBXBuildFile; fileRef = C9B8D5AF2BE1C75500A6FC70 /* JourneyUITests.swift */; };
		C9B8D5B22BE1C75500A6FC70 /* JourneyUITestsLaunchTests.swift in Sources */ = {isa = PBXBuildFile; fileRef = C9B8D5B12BE1C75500A6FC70 /* JourneyUITestsLaunchTests.swift */; };
		C9B8D5BF2BE1CB9100A6FC70 /* StopView.swift in Sources */ = {isa = PBXBuildFile; fileRef = C9B8D5BE2BE1CB9100A6FC70 /* StopView.swift */; };
/* End PBXBuildFile section */

/* Begin PBXContainerItemProxy section */
		C9B8D5A22BE1C75500A6FC70 /* PBXContainerItemProxy */ = {
			isa = PBXContainerItemProxy;
			containerPortal = C9B8D5872BE1C75400A6FC70 /* Project object */;
			proxyType = 1;
			remoteGlobalIDString = C9B8D58E2BE1C75400A6FC70;
			remoteInfo = Journey;
		};
		C9B8D5AC2BE1C75500A6FC70 /* PBXContainerItemProxy */ = {
			isa = PBXContainerItemProxy;
			containerPortal = C9B8D5872BE1C75400A6FC70 /* Project object */;
			proxyType = 1;
			remoteGlobalIDString = C9B8D58E2BE1C75400A6FC70;
			remoteInfo = Journey;
		};
/* End PBXContainerItemProxy section */

/* Begin PBXFileReference section */
		C98EB6172BE1F742000D8830 /* CountryPickerViewProxy.swift */ = {isa = PBXFileReference; lastKnownFileType = sourcecode.swift; path = CountryPickerViewProxy.swift; sourceTree = "<group>"; };
		C98EB6192BE20E0A000D8830 /* Stop.swift */ = {isa = PBXFileReference; lastKnownFileType = sourcecode.swift; path = Stop.swift; sourceTree = "<group>"; };
		C98EB61D2BE2106A000D8830 /* StopListView.swift */ = {isa = PBXFileReference; lastKnownFileType = sourcecode.swift; path = StopListView.swift; sourceTree = "<group>"; };
		C98EB61F2BE2F506000D8830 /* JourneyView.swift */ = {isa = PBXFileReference; lastKnownFileType = sourcecode.swift; path = JourneyView.swift; sourceTree = "<group>"; };
		C98EB6212BE2F615000D8830 /* MainView.swift */ = {isa = PBXFileReference; lastKnownFileType = sourcecode.swift; path = MainView.swift; sourceTree = "<group>"; };
		C98EB6232BE2FAA5000D8830 /* README.md */ = {isa = PBXFileReference; lastKnownFileType = net.daringfireball.markdown; path = README.md; sourceTree = "<group>"; };
		C9B8D58F2BE1C75400A6FC70 /* Journey.app */ = {isa = PBXFileReference; explicitFileType = wrapper.application; includeInIndex = 0; path = Journey.app; sourceTree = BUILT_PRODUCTS_DIR; };
		C9B8D5922BE1C75400A6FC70 /* JourneyApp.swift */ = {isa = PBXFileReference; lastKnownFileType = sourcecode.swift; path = JourneyApp.swift; sourceTree = "<group>"; };
		C9B8D5982BE1C75500A6FC70 /* Assets.xcassets */ = {isa = PBXFileReference; lastKnownFileType = folder.assetcatalog; path = Assets.xcassets; sourceTree = "<group>"; };
		C9B8D59B2BE1C75500A6FC70 /* Preview Assets.xcassets */ = {isa = PBXFileReference; lastKnownFileType = folder.assetcatalog; path = "Preview Assets.xcassets"; sourceTree = "<group>"; };
		C9B8D5A12BE1C75500A6FC70 /* JourneyTests.xctest */ = {isa = PBXFileReference; explicitFileType = wrapper.cfbundle; includeInIndex = 0; path = JourneyTests.xctest; sourceTree = BUILT_PRODUCTS_DIR; };
		C9B8D5A52BE1C75500A6FC70 /* JourneyTests.swift */ = {isa = PBXFileReference; lastKnownFileType = sourcecode.swift; path = JourneyTests.swift; sourceTree = "<group>"; };
		C9B8D5AB2BE1C75500A6FC70 /* JourneyUITests.xctest */ = {isa = PBXFileReference; explicitFileType = wrapper.cfbundle; includeInIndex = 0; path = JourneyUITests.xctest; sourceTree = BUILT_PRODUCTS_DIR; };
		C9B8D5AF2BE1C75500A6FC70 /* JourneyUITests.swift */ = {isa = PBXFileReference; lastKnownFileType = sourcecode.swift; path = JourneyUITests.swift; sourceTree = "<group>"; };
		C9B8D5B12BE1C75500A6FC70 /* JourneyUITestsLaunchTests.swift */ = {isa = PBXFileReference; lastKnownFileType = sourcecode.swift; path = JourneyUITestsLaunchTests.swift; sourceTree = "<group>"; };
		C9B8D5BE2BE1CB9100A6FC70 /* StopView.swift */ = {isa = PBXFileReference; lastKnownFileType = sourcecode.swift; path = StopView.swift; sourceTree = "<group>"; };
/* End PBXFileReference section */

/* Begin PBXFrameworksBuildPhase section */
		C9B8D58C2BE1C75400A6FC70 /* Frameworks */ = {
			isa = PBXFrameworksBuildPhase;
			buildActionMask = 2147483647;
			files = (
				C98EB6102BE1E9C5000D8830 /* CountryPicker in Frameworks */,
			);
			runOnlyForDeploymentPostprocessing = 0;
		};
		C9B8D59E2BE1C75500A6FC70 /* Frameworks */ = {
			isa = PBXFrameworksBuildPhase;
			buildActionMask = 2147483647;
			files = (
			);
			runOnlyForDeploymentPostprocessing = 0;
		};
		C9B8D5A82BE1C75500A6FC70 /* Frameworks */ = {
			isa = PBXFrameworksBuildPhase;
			buildActionMask = 2147483647;
			files = (
			);
			runOnlyForDeploymentPostprocessing = 0;
		};
/* End PBXFrameworksBuildPhase section */

/* Begin PBXGroup section */
		C9B8D5862BE1C75400A6FC70 = {
			isa = PBXGroup;
			children = (
				C98EB6232BE2FAA5000D8830 /* README.md */,
				C9B8D5912BE1C75400A6FC70 /* Journey */,
				C9B8D5A42BE1C75500A6FC70 /* JourneyTests */,
				C9B8D5AE2BE1C75500A6FC70 /* JourneyUITests */,
				C9B8D5902BE1C75400A6FC70 /* Products */,
				C9B8D5C72BE1E07F00A6FC70 /* Frameworks */,
			);
			sourceTree = "<group>";
		};
		C9B8D5902BE1C75400A6FC70 /* Products */ = {
			isa = PBXGroup;
			children = (
				C9B8D58F2BE1C75400A6FC70 /* Journey.app */,
				C9B8D5A12BE1C75500A6FC70 /* JourneyTests.xctest */,
				C9B8D5AB2BE1C75500A6FC70 /* JourneyUITests.xctest */,
			);
			name = Products;
			sourceTree = "<group>";
		};
		C9B8D5912BE1C75400A6FC70 /* Journey */ = {
			isa = PBXGroup;
			children = (
				C9B8D5922BE1C75400A6FC70 /* JourneyApp.swift */,
				C9B8D5BE2BE1CB9100A6FC70 /* StopView.swift */,
				C98EB61F2BE2F506000D8830 /* JourneyView.swift */,
				C98EB6212BE2F615000D8830 /* MainView.swift */,
				C98EB61D2BE2106A000D8830 /* StopListView.swift */,
				C98EB6192BE20E0A000D8830 /* Stop.swift */,
				C9B8D5982BE1C75500A6FC70 /* Assets.xcassets */,
				C9B8D59A2BE1C75500A6FC70 /* Preview Content */,
				C98EB6172BE1F742000D8830 /* CountryPickerViewProxy.swift */,
			);
			path = Journey;
			sourceTree = "<group>";
		};
		C9B8D59A2BE1C75500A6FC70 /* Preview Content */ = {
			isa = PBXGroup;
			children = (
				C9B8D59B2BE1C75500A6FC70 /* Preview Assets.xcassets */,
			);
			path = "Preview Content";
			sourceTree = "<group>";
		};
		C9B8D5A42BE1C75500A6FC70 /* JourneyTests */ = {
			isa = PBXGroup;
			children = (
				C9B8D5A52BE1C75500A6FC70 /* JourneyTests.swift */,
			);
			path = JourneyTests;
			sourceTree = "<group>";
		};
		C9B8D5AE2BE1C75500A6FC70 /* JourneyUITests */ = {
			isa = PBXGroup;
			children = (
				C9B8D5AF2BE1C75500A6FC70 /* JourneyUITests.swift */,
				C9B8D5B12BE1C75500A6FC70 /* JourneyUITestsLaunchTests.swift */,
			);
			path = JourneyUITests;
			sourceTree = "<group>";
		};
		C9B8D5C72BE1E07F00A6FC70 /* Frameworks */ = {
			isa = PBXGroup;
			children = (
			);
			name = Frameworks;
			sourceTree = "<group>";
		};
/* End PBXGroup section */

/* Begin PBXNativeTarget section */
		C9B8D58E2BE1C75400A6FC70 /* Journey */ = {
			isa = PBXNativeTarget;
			buildConfigurationList = C9B8D5B52BE1C75500A6FC70 /* Build configuration list for PBXNativeTarget "Journey" */;
			buildPhases = (
				C9B8D58B2BE1C75400A6FC70 /* Sources */,
				C9B8D58C2BE1C75400A6FC70 /* Frameworks */,
				C9B8D58D2BE1C75400A6FC70 /* Resources */,
			);
			buildRules = (
			);
			dependencies = (
			);
			name = Journey;
			packageProductDependencies = (
				C98EB60F2BE1E9C5000D8830 /* CountryPicker */,
			);
			productName = Journey;
			productReference = C9B8D58F2BE1C75400A6FC70 /* Journey.app */;
			productType = "com.apple.product-type.application";
		};
		C9B8D5A02BE1C75500A6FC70 /* JourneyTests */ = {
			isa = PBXNativeTarget;
			buildConfigurationList = C9B8D5B82BE1C75500A6FC70 /* Build configuration list for PBXNativeTarget "JourneyTests" */;
			buildPhases = (
				C9B8D59D2BE1C75500A6FC70 /* Sources */,
				C9B8D59E2BE1C75500A6FC70 /* Frameworks */,
				C9B8D59F2BE1C75500A6FC70 /* Resources */,
			);
			buildRules = (
			);
			dependencies = (
				C9B8D5A32BE1C75500A6FC70 /* PBXTargetDependency */,
			);
			name = JourneyTests;
			packageProductDependencies = (
			);
			productName = JourneyTests;
			productReference = C9B8D5A12BE1C75500A6FC70 /* JourneyTests.xctest */;
			productType = "com.apple.product-type.bundle.unit-test";
		};
		C9B8D5AA2BE1C75500A6FC70 /* JourneyUITests */ = {
			isa = PBXNativeTarget;
			buildConfigurationList = C9B8D5BB2BE1C75500A6FC70 /* Build configuration list for PBXNativeTarget "JourneyUITests" */;
			buildPhases = (
				C9B8D5A72BE1C75500A6FC70 /* Sources */,
				C9B8D5A82BE1C75500A6FC70 /* Frameworks */,
				C9B8D5A92BE1C75500A6FC70 /* Resources */,
			);
			buildRules = (
			);
			dependencies = (
				C9B8D5AD2BE1C75500A6FC70 /* PBXTargetDependency */,
			);
			name = JourneyUITests;
			packageProductDependencies = (
			);
			productName = JourneyUITests;
			productReference = C9B8D5AB2BE1C75500A6FC70 /* JourneyUITests.xctest */;
			productType = "com.apple.product-type.bundle.ui-testing";
		};
/* End PBXNativeTarget section */

/* Begin PBXProject section */
		C9B8D5872BE1C75400A6FC70 /* Project object */ = {
			isa = PBXProject;
			attributes = {
				BuildIndependentTargetsInParallel = 1;
				LastSwiftUpdateCheck = 1530;
				LastUpgradeCheck = 1530;
				TargetAttributes = {
					C9B8D58E2BE1C75400A6FC70 = {
						CreatedOnToolsVersion = 15.3;
					};
					C9B8D5A02BE1C75500A6FC70 = {
						CreatedOnToolsVersion = 15.3;
						TestTargetID = C9B8D58E2BE1C75400A6FC70;
					};
					C9B8D5AA2BE1C75500A6FC70 = {
						CreatedOnToolsVersion = 15.3;
						TestTargetID = C9B8D58E2BE1C75400A6FC70;
					};
				};
			};
			buildConfigurationList = C9B8D58A2BE1C75400A6FC70 /* Build configuration list for PBXProject "Journey" */;
			compatibilityVersion = "Xcode 14.0";
			developmentRegion = en;
			hasScannedForEncodings = 0;
			knownRegions = (
				en,
				Base,
			);
			mainGroup = C9B8D5862BE1C75400A6FC70;
			packageReferences = (
				C98EB60E2BE1E9C5000D8830 /* XCRemoteSwiftPackageReference "CountryPicker" */,
			);
			productRefGroup = C9B8D5902BE1C75400A6FC70 /* Products */;
			projectDirPath = "";
			projectRoot = "";
			targets = (
				C9B8D58E2BE1C75400A6FC70 /* Journey */,
				C9B8D5A02BE1C75500A6FC70 /* JourneyTests */,
				C9B8D5AA2BE1C75500A6FC70 /* JourneyUITests */,
			);
		};
/* End PBXProject section */

/* Begin PBXResourcesBuildPhase section */
		C9B8D58D2BE1C75400A6FC70 /* Resources */ = {
			isa = PBXResourcesBuildPhase;
			buildActionMask = 2147483647;
			files = (
				C9B8D59C2BE1C75500A6FC70 /* Preview Assets.xcassets in Resources */,
				C9B8D5992BE1C75500A6FC70 /* Assets.xcassets in Resources */,
			);
			runOnlyForDeploymentPostprocessing = 0;
		};
		C9B8D59F2BE1C75500A6FC70 /* Resources */ = {
			isa = PBXResourcesBuildPhase;
			buildActionMask = 2147483647;
			files = (
			);
			runOnlyForDeploymentPostprocessing = 0;
		};
		C9B8D5A92BE1C75500A6FC70 /* Resources */ = {
			isa = PBXResourcesBuildPhase;
			buildActionMask = 2147483647;
			files = (
			);
			runOnlyForDeploymentPostprocessing = 0;
		};
/* End PBXResourcesBuildPhase section */

/* Begin PBXSourcesBuildPhase section */
		C9B8D58B2BE1C75400A6FC70 /* Sources */ = {
			isa = PBXSourcesBuildPhase;
			buildActionMask = 2147483647;
			files = (
				C98EB6182BE1F742000D8830 /* CountryPickerViewProxy.swift in Sources */,
				C98EB6222BE2F615000D8830 /* MainView.swift in Sources */,
				C98EB61E2BE2106A000D8830 /* StopListView.swift in Sources */,
				C98EB6202BE2F506000D8830 /* JourneyView.swift in Sources */,
				C9B8D5932BE1C75400A6FC70 /* JourneyApp.swift in Sources */,
				C9B8D5BF2BE1CB9100A6FC70 /* StopView.swift in Sources */,
				C98EB61A2BE20E0A000D8830 /* Stop.swift in Sources */,
			);
			runOnlyForDeploymentPostprocessing = 0;
		};
		C9B8D59D2BE1C75500A6FC70 /* Sources */ = {
			isa = PBXSourcesBuildPhase;
			buildActionMask = 2147483647;
			files = (
				C9B8D5A62BE1C75500A6FC70 /* JourneyTests.swift in Sources */,
			);
			runOnlyForDeploymentPostprocessing = 0;
		};
		C9B8D5A72BE1C75500A6FC70 /* Sources */ = {
			isa = PBXSourcesBuildPhase;
			buildActionMask = 2147483647;
			files = (
				C9B8D5B02BE1C75500A6FC70 /* JourneyUITests.swift in Sources */,
				C9B8D5B22BE1C75500A6FC70 /* JourneyUITestsLaunchTests.swift in Sources */,
			);
			runOnlyForDeploymentPostprocessing = 0;
		};
/* End PBXSourcesBuildPhase section */

/* Begin PBXTargetDependency section */
		C9B8D5A32BE1C75500A6FC70 /* PBXTargetDependency */ = {
			isa = PBXTargetDependency;
			target = C9B8D58E2BE1C75400A6FC70 /* Journey */;
			targetProxy = C9B8D5A22BE1C75500A6FC70 /* PBXContainerItemProxy */;
		};
		C9B8D5AD2BE1C75500A6FC70 /* PBXTargetDependency */ = {
			isa = PBXTargetDependency;
			target = C9B8D58E2BE1C75400A6FC70 /* Journey */;
			targetProxy = C9B8D5AC2BE1C75500A6FC70 /* PBXContainerItemProxy */;
		};
/* End PBXTargetDependency section */

/* Begin XCBuildConfiguration section */
		C9B8D5B32BE1C75500A6FC70 /* Debug */ = {
			isa = XCBuildConfiguration;
			buildSettings = {
				ALWAYS_SEARCH_USER_PATHS = NO;
				ASSETCATALOG_COMPILER_GENERATE_SWIFT_ASSET_SYMBOL_EXTENSIONS = YES;
				CLANG_ANALYZER_NONNULL = YES;
				CLANG_ANALYZER_NUMBER_OBJECT_CONVERSION = YES_AGGRESSIVE;
				CLANG_CXX_LANGUAGE_STANDARD = "gnu++20";
				CLANG_ENABLE_MODULES = YES;
				CLANG_ENABLE_OBJC_ARC = YES;
				CLANG_ENABLE_OBJC_WEAK = YES;
				CLANG_WARN_BLOCK_CAPTURE_AUTORELEASING = YES;
				CLANG_WARN_BOOL_CONVERSION = YES;
				CLANG_WARN_COMMA = YES;
				CLANG_WARN_CONSTANT_CONVERSION = YES;
				CLANG_WARN_DEPRECATED_OBJC_IMPLEMENTATIONS = YES;
				CLANG_WARN_DIRECT_OBJC_ISA_USAGE = YES_ERROR;
				CLANG_WARN_DOCUMENTATION_COMMENTS = YES;
				CLANG_WARN_EMPTY_BODY = YES;
				CLANG_WARN_ENUM_CONVERSION = YES;
				CLANG_WARN_INFINITE_RECURSION = YES;
				CLANG_WARN_INT_CONVERSION = YES;
				CLANG_WARN_NON_LITERAL_NULL_CONVERSION = YES;
				CLANG_WARN_OBJC_IMPLICIT_RETAIN_SELF = YES;
				CLANG_WARN_OBJC_LITERAL_CONVERSION = YES;
				CLANG_WARN_OBJC_ROOT_CLASS = YES_ERROR;
				CLANG_WARN_QUOTED_INCLUDE_IN_FRAMEWORK_HEADER = YES;
				CLANG_WARN_RANGE_LOOP_ANALYSIS = YES;
				CLANG_WARN_STRICT_PROTOTYPES = YES;
				CLANG_WARN_SUSPICIOUS_MOVE = YES;
				CLANG_WARN_UNGUARDED_AVAILABILITY = YES_AGGRESSIVE;
				CLANG_WARN_UNREACHABLE_CODE = YES;
				CLANG_WARN__DUPLICATE_METHOD_MATCH = YES;
				COPY_PHASE_STRIP = NO;
				DEBUG_INFORMATION_FORMAT = dwarf;
				ENABLE_STRICT_OBJC_MSGSEND = YES;
				ENABLE_TESTABILITY = YES;
				ENABLE_USER_SCRIPT_SANDBOXING = YES;
				GCC_C_LANGUAGE_STANDARD = gnu17;
				GCC_DYNAMIC_NO_PIC = NO;
				GCC_NO_COMMON_BLOCKS = YES;
				GCC_OPTIMIZATION_LEVEL = 0;
				GCC_PREPROCESSOR_DEFINITIONS = (
					"DEBUG=1",
					"$(inherited)",
				);
				GCC_WARN_64_TO_32_BIT_CONVERSION = YES;
				GCC_WARN_ABOUT_RETURN_TYPE = YES_ERROR;
				GCC_WARN_UNDECLARED_SELECTOR = YES;
				GCC_WARN_UNINITIALIZED_AUTOS = YES_AGGRESSIVE;
				GCC_WARN_UNUSED_FUNCTION = YES;
				GCC_WARN_UNUSED_VARIABLE = YES;
				IPHONEOS_DEPLOYMENT_TARGET = 17.4;
				LOCALIZATION_PREFERS_STRING_CATALOGS = YES;
				MTL_ENABLE_DEBUG_INFO = INCLUDE_SOURCE;
				MTL_FAST_MATH = YES;
				ONLY_ACTIVE_ARCH = YES;
				SDKROOT = iphoneos;
				SWIFT_ACTIVE_COMPILATION_CONDITIONS = "DEBUG $(inherited)";
				SWIFT_OPTIMIZATION_LEVEL = "-Onone";
			};
			name = Debug;
		};
		C9B8D5B42BE1C75500A6FC70 /* Release */ = {
			isa = XCBuildConfiguration;
			buildSettings = {
				ALWAYS_SEARCH_USER_PATHS = NO;
				ASSETCATALOG_COMPILER_GENERATE_SWIFT_ASSET_SYMBOL_EXTENSIONS = YES;
				CLANG_ANALYZER_NONNULL = YES;
				CLANG_ANALYZER_NUMBER_OBJECT_CONVERSION = YES_AGGRESSIVE;
				CLANG_CXX_LANGUAGE_STANDARD = "gnu++20";
				CLANG_ENABLE_MODULES = YES;
				CLANG_ENABLE_OBJC_ARC = YES;
				CLANG_ENABLE_OBJC_WEAK = YES;
				CLANG_WARN_BLOCK_CAPTURE_AUTORELEASING = YES;
				CLANG_WARN_BOOL_CONVERSION = YES;
				CLANG_WARN_COMMA = YES;
				CLANG_WARN_CONSTANT_CONVERSION = YES;
				CLANG_WARN_DEPRECATED_OBJC_IMPLEMENTATIONS = YES;
				CLANG_WARN_DIRECT_OBJC_ISA_USAGE = YES_ERROR;
				CLANG_WARN_DOCUMENTATION_COMMENTS = YES;
				CLANG_WARN_EMPTY_BODY = YES;
				CLANG_WARN_ENUM_CONVERSION = YES;
				CLANG_WARN_INFINITE_RECURSION = YES;
				CLANG_WARN_INT_CONVERSION = YES;
				CLANG_WARN_NON_LITERAL_NULL_CONVERSION = YES;
				CLANG_WARN_OBJC_IMPLICIT_RETAIN_SELF = YES;
				CLANG_WARN_OBJC_LITERAL_CONVERSION = YES;
				CLANG_WARN_OBJC_ROOT_CLASS = YES_ERROR;
				CLANG_WARN_QUOTED_INCLUDE_IN_FRAMEWORK_HEADER = YES;
				CLANG_WARN_RANGE_LOOP_ANALYSIS = YES;
				CLANG_WARN_STRICT_PROTOTYPES = YES;
				CLANG_WARN_SUSPICIOUS_MOVE = YES;
				CLANG_WARN_UNGUARDED_AVAILABILITY = YES_AGGRESSIVE;
				CLANG_WARN_UNREACHABLE_CODE = YES;
				CLANG_WARN__DUPLICATE_METHOD_MATCH = YES;
				COPY_PHASE_STRIP = NO;
				DEBUG_INFORMATION_FORMAT = "dwarf-with-dsym";
				ENABLE_NS_ASSERTIONS = NO;
				ENABLE_STRICT_OBJC_MSGSEND = YES;
				ENABLE_USER_SCRIPT_SANDBOXING = YES;
				GCC_C_LANGUAGE_STANDARD = gnu17;
				GCC_NO_COMMON_BLOCKS = YES;
				GCC_WARN_64_TO_32_BIT_CONVERSION = YES;
				GCC_WARN_ABOUT_RETURN_TYPE = YES_ERROR;
				GCC_WARN_UNDECLARED_SELECTOR = YES;
				GCC_WARN_UNINITIALIZED_AUTOS = YES_AGGRESSIVE;
				GCC_WARN_UNUSED_FUNCTION = YES;
				GCC_WARN_UNUSED_VARIABLE = YES;
				IPHONEOS_DEPLOYMENT_TARGET = 17.4;
				LOCALIZATION_PREFERS_STRING_CATALOGS = YES;
				MTL_ENABLE_DEBUG_INFO = NO;
				MTL_FAST_MATH = YES;
				SDKROOT = iphoneos;
				SWIFT_COMPILATION_MODE = wholemodule;
				VALIDATE_PRODUCT = YES;
			};
			name = Release;
		};
		C9B8D5B62BE1C75500A6FC70 /* Debug */ = {
			isa = XCBuildConfiguration;
			buildSettings = {
				ASSETCATALOG_COMPILER_APPICON_NAME = AppIcon;
				ASSETCATALOG_COMPILER_GLOBAL_ACCENT_COLOR_NAME = AccentColor;
				CODE_SIGN_STYLE = Automatic;
				CURRENT_PROJECT_VERSION = 1;
				DEVELOPMENT_ASSET_PATHS = "\"Journey/Preview Content\"";
				DEVELOPMENT_TEAM = 877B3XVSF5;
				ENABLE_PREVIEWS = YES;
				GENERATE_INFOPLIST_FILE = YES;
				INFOPLIST_KEY_UIApplicationSceneManifest_Generation = YES;
				INFOPLIST_KEY_UIApplicationSupportsIndirectInputEvents = YES;
				INFOPLIST_KEY_UILaunchScreen_Generation = YES;
				INFOPLIST_KEY_UISupportedInterfaceOrientations = UIInterfaceOrientationPortrait;
				INFOPLIST_KEY_UISupportedInterfaceOrientations_iPad = "UIInterfaceOrientationLandscapeLeft UIInterfaceOrientationLandscapeRight UIInterfaceOrientationPortrait UIInterfaceOrientationPortraitUpsideDown";
				LD_RUNPATH_SEARCH_PATHS = (
					"$(inherited)",
					"@executable_path/Frameworks",
				);
				MARKETING_VERSION = 1.0;
				PRODUCT_BUNDLE_IDENTIFIER = com.calebelson.Journey;
				PRODUCT_NAME = "$(TARGET_NAME)";
				SWIFT_EMIT_LOC_STRINGS = YES;
				SWIFT_VERSION = 5.0;
				TARGETED_DEVICE_FAMILY = "1,2";
			};
			name = Debug;
		};
		C9B8D5B72BE1C75500A6FC70 /* Release */ = {
			isa = XCBuildConfiguration;
			buildSettings = {
				ASSETCATALOG_COMPILER_APPICON_NAME = AppIcon;
				ASSETCATALOG_COMPILER_GLOBAL_ACCENT_COLOR_NAME = AccentColor;
				CODE_SIGN_STYLE = Automatic;
				CURRENT_PROJECT_VERSION = 1;
				DEVELOPMENT_ASSET_PATHS = "\"Journey/Preview Content\"";
				DEVELOPMENT_TEAM = 877B3XVSF5;
				ENABLE_PREVIEWS = YES;
				GENERATE_INFOPLIST_FILE = YES;
				INFOPLIST_KEY_UIApplicationSceneManifest_Generation = YES;
				INFOPLIST_KEY_UIApplicationSupportsIndirectInputEvents = YES;
				INFOPLIST_KEY_UILaunchScreen_Generation = YES;
				INFOPLIST_KEY_UISupportedInterfaceOrientations = UIInterfaceOrientationPortrait;
				INFOPLIST_KEY_UISupportedInterfaceOrientations_iPad = "UIInterfaceOrientationLandscapeLeft UIInterfaceOrientationLandscapeRight UIInterfaceOrientationPortrait UIInterfaceOrientationPortraitUpsideDown";
				LD_RUNPATH_SEARCH_PATHS = (
					"$(inherited)",
					"@executable_path/Frameworks",
				);
				MARKETING_VERSION = 1.0;
				PRODUCT_BUNDLE_IDENTIFIER = com.calebelson.Journey;
				PRODUCT_NAME = "$(TARGET_NAME)";
				SWIFT_EMIT_LOC_STRINGS = YES;
				SWIFT_VERSION = 5.0;
				TARGETED_DEVICE_FAMILY = "1,2";
			};
			name = Release;
		};
		C9B8D5B92BE1C75500A6FC70 /* Debug */ = {
			isa = XCBuildConfiguration;
			buildSettings = {
				ALWAYS_EMBED_SWIFT_STANDARD_LIBRARIES = YES;
				BUNDLE_LOADER = "$(TEST_HOST)";
				CODE_SIGN_STYLE = Automatic;
				CURRENT_PROJECT_VERSION = 1;
				DEVELOPMENT_TEAM = 877B3XVSF5;
				GENERATE_INFOPLIST_FILE = YES;
				IPHONEOS_DEPLOYMENT_TARGET = 17.4;
				MARKETING_VERSION = 1.0;
				PRODUCT_BUNDLE_IDENTIFIER = com.calebelson.JourneyTests;
				PRODUCT_NAME = "$(TARGET_NAME)";
				SWIFT_EMIT_LOC_STRINGS = NO;
				SWIFT_VERSION = 5.0;
				TARGETED_DEVICE_FAMILY = "1,2";
				TEST_HOST = "$(BUILT_PRODUCTS_DIR)/Journey.app/$(BUNDLE_EXECUTABLE_FOLDER_PATH)/Journey";
			};
			name = Debug;
		};
		C9B8D5BA2BE1C75500A6FC70 /* Release */ = {
			isa = XCBuildConfiguration;
			buildSettings = {
				ALWAYS_EMBED_SWIFT_STANDARD_LIBRARIES = YES;
				BUNDLE_LOADER = "$(TEST_HOST)";
				CODE_SIGN_STYLE = Automatic;
				CURRENT_PROJECT_VERSION = 1;
				DEVELOPMENT_TEAM = 877B3XVSF5;
				GENERATE_INFOPLIST_FILE = YES;
				IPHONEOS_DEPLOYMENT_TARGET = 17.4;
				MARKETING_VERSION = 1.0;
				PRODUCT_BUNDLE_IDENTIFIER = com.calebelson.JourneyTests;
				PRODUCT_NAME = "$(TARGET_NAME)";
				SWIFT_EMIT_LOC_STRINGS = NO;
				SWIFT_VERSION = 5.0;
				TARGETED_DEVICE_FAMILY = "1,2";
				TEST_HOST = "$(BUILT_PRODUCTS_DIR)/Journey.app/$(BUNDLE_EXECUTABLE_FOLDER_PATH)/Journey";
			};
			name = Release;
		};
		C9B8D5BC2BE1C75500A6FC70 /* Debug */ = {
			isa = XCBuildConfiguration;
			buildSettings = {
				ALWAYS_EMBED_SWIFT_STANDARD_LIBRARIES = YES;
				CODE_SIGN_STYLE = Automatic;
				CURRENT_PROJECT_VERSION = 1;
				DEVELOPMENT_TEAM = 877B3XVSF5;
				GENERATE_INFOPLIST_FILE = YES;
				MARKETING_VERSION = 1.0;
				PRODUCT_BUNDLE_IDENTIFIER = com.calebelson.JourneyUITests;
				PRODUCT_NAME = "$(TARGET_NAME)";
				SWIFT_EMIT_LOC_STRINGS = NO;
				SWIFT_VERSION = 5.0;
				TARGETED_DEVICE_FAMILY = "1,2";
				TEST_TARGET_NAME = Journey;
			};
			name = Debug;
		};
		C9B8D5BD2BE1C75500A6FC70 /* Release */ = {
			isa = XCBuildConfiguration;
			buildSettings = {
				ALWAYS_EMBED_SWIFT_STANDARD_LIBRARIES = YES;
				CODE_SIGN_STYLE = Automatic;
				CURRENT_PROJECT_VERSION = 1;
				DEVELOPMENT_TEAM = 877B3XVSF5;
				GENERATE_INFOPLIST_FILE = YES;
				MARKETING_VERSION = 1.0;
				PRODUCT_BUNDLE_IDENTIFIER = com.calebelson.JourneyUITests;
				PRODUCT_NAME = "$(TARGET_NAME)";
				SWIFT_EMIT_LOC_STRINGS = NO;
				SWIFT_VERSION = 5.0;
				TARGETED_DEVICE_FAMILY = "1,2";
				TEST_TARGET_NAME = Journey;
			};
			name = Release;
		};
/* End XCBuildConfiguration section */

/* Begin XCConfigurationList section */
		C9B8D58A2BE1C75400A6FC70 /* Build configuration list for PBXProject "Journey" */ = {
			isa = XCConfigurationList;
			buildConfigurations = (
				C9B8D5B32BE1C75500A6FC70 /* Debug */,
				C9B8D5B42BE1C75500A6FC70 /* Release */,
			);
			defaultConfigurationIsVisible = 0;
			defaultConfigurationName = Release;
		};
		C9B8D5B52BE1C75500A6FC70 /* Build configuration list for PBXNativeTarget "Journey" */ = {
			isa = XCConfigurationList;
			buildConfigurations = (
				C9B8D5B62BE1C75500A6FC70 /* Debug */,
				C9B8D5B72BE1C75500A6FC70 /* Release */,
			);
			defaultConfigurationIsVisible = 0;
			defaultConfigurationName = Release;
		};
		C9B8D5B82BE1C75500A6FC70 /* Build configuration list for PBXNativeTarget "JourneyTests" */ = {
			isa = XCConfigurationList;
			buildConfigurations = (
				C9B8D5B92BE1C75500A6FC70 /* Debug */,
				C9B8D5BA2BE1C75500A6FC70 /* Release */,
			);
			defaultConfigurationIsVisible = 0;
			defaultConfigurationName = Release;
		};
		C9B8D5BB2BE1C75500A6FC70 /* Build configuration list for PBXNativeTarget "JourneyUITests" */ = {
			isa = XCConfigurationList;
			buildConfigurations = (
				C9B8D5BC2BE1C75500A6FC70 /* Debug */,
				C9B8D5BD2BE1C75500A6FC70 /* Release */,
			);
			defaultConfigurationIsVisible = 0;
			defaultConfigurationName = Release;
		};
/* End XCConfigurationList section */

/* Begin XCRemoteSwiftPackageReference section */
		C98EB60E2BE1E9C5000D8830 /* XCRemoteSwiftPackageReference "CountryPicker" */ = {
			isa = XCRemoteSwiftPackageReference;
			repositoryURL = "https://github.com/SURYAKANTSHARMA/CountryPicker.git";
			requirement = {
				kind = upToNextMinorVersion;
				minimumVersion = 3.0.0;
			};
		};
/* End XCRemoteSwiftPackageReference section */

/* Begin XCSwiftPackageProductDependency section */
		C98EB60F2BE1E9C5000D8830 /* CountryPicker */ = {
			isa = XCSwiftPackageProductDependency;
			package = C98EB60E2BE1E9C5000D8830 /* XCRemoteSwiftPackageReference "CountryPicker" */;
			productName = CountryPicker;
		};
/* End XCSwiftPackageProductDependency section */
	};
	rootObject = C9B8D5872BE1C75400A6FC70 /* Project object */;
}
